{
  "requires": true,
  "lockfileVersion": 1,
  "dependencies": {
    "@types/fabric": {
      "version": "3.6.8",
      "resolved": "https://registry.npmjs.org/@types/fabric/-/fabric-3.6.8.tgz",
      "integrity": "sha512-EqRgmWXQ0Hh9JKH8M0KyoeFLBt1TuQ88cLICynd8xXWM052mINp1ijdfvFY/jCN5QMI6ctv2gbI1kBkDFETSSQ==",
      "dev": true
    }
  }
}
